
Microsoft Visual Studio Solution File, Format Version 12.00
# Visual Studio Version 17
VisualStudioVersion = 17.1.32228.430
MinimumVisualStudioVersion = 10.0.40219.1
Project("{FAE04EC0-301F-11D3-BF4B-00C04F79EFBC}") = "MVCFilmes", "MVCFilmes\MVCFilmes.csproj", "{2D56FDF3-74ED-456D-9C7C-DCB84DC532AD}"
EndProject
Global
	GlobalSection(SolutionConfigurationPlatforms) = preSolution
		Debug|Any CPU = Debug|Any CPU
		Release|Any CPU = Release|Any CPU
	EndGlobalSection
	GlobalSection(ProjectConfigurationPlatforms) = postSolution
		{2D56FDF3-74ED-456D-9C7C-DCB84DC532AD}.Debug|Any CPU.ActiveCfg = Debug|Any CPU
		{2D56FDF3-74ED-456D-9C7C-DCB84DC532AD}.Debug|Any CPU.Build.0 = Debug|Any CPU
		{2D56FDF3-74ED-456D-9C7C-DCB84DC532AD}.Release|Any CPU.ActiveCfg = Release|Any CPU
		{2D56FDF3-74ED-456D-9C7C-DCB84DC532AD}.Release|Any CPU.Build.0 = Release|Any CPU
	EndGlobalSection
	GlobalSection(SolutionProperties) = preSolution
		HideSolutionNode = FALSE
	EndGlobalSection
	GlobalSection(ExtensibilityGlobals) = postSolution
		SolutionGuid = {794A11F3-B9DD-4246-8183-7910C80EA3D9}
	EndGlobalSection
EndGlobal
